
Microsoft Visual Studio Solution File, Format Version 12.00
# Visual Studio Version 16
VisualStudioVersion = 16.0.31624.102
MinimumVisualStudioVersion = 10.0.40219.1
Project("{FAE04EC0-301F-11D3-BF4B-00C04F79EFBC}") = "AssemblyGraphGenerator", "AssemblyGraphGenerator\AssemblyGraphGenerator.csproj", "{FF83F324-C9BF-4CEE-8980-6FC61CD493D1}"
EndProject
Project("{FAE04EC0-301F-11D3-BF4B-00C04F79EFBC}") = "AssemblyGraphGeneratorTest", "AssemblyGraphGeneratorTest\AssemblyGraphGeneratorTest.csproj", "{225BBB6C-DFFA-475C-A6E3-863D3DB86296}"
EndProject
Global
	GlobalSection(SolutionConfigurationPlatforms) = preSolution
		Debug|Any CPU = Debug|Any CPU
		Release|Any CPU = Release|Any CPU
	EndGlobalSection
	GlobalSection(ProjectConfigurationPlatforms) = postSolution
		{FF83F324-C9BF-4CEE-8980-6FC61CD493D1}.Debug|Any CPU.ActiveCfg = Debug|Any CPU
		{FF83F324-C9BF-4CEE-8980-6FC61CD493D1}.Debug|Any CPU.Build.0 = Debug|Any CPU
		{FF83F324-C9BF-4CEE-8980-6FC61CD493D1}.Release|Any CPU.ActiveCfg = Release|Any CPU
		{FF83F324-C9BF-4CEE-8980-6FC61CD493D1}.Release|Any CPU.Build.0 = Release|Any CPU
		{225BBB6C-DFFA-475C-A6E3-863D3DB86296}.Debug|Any CPU.ActiveCfg = Debug|Any CPU
		{225BBB6C-DFFA-475C-A6E3-863D3DB86296}.Debug|Any CPU.Build.0 = Debug|Any CPU
		{225BBB6C-DFFA-475C-A6E3-863D3DB86296}.Release|Any CPU.ActiveCfg = Release|Any CPU
		{225BBB6C-DFFA-475C-A6E3-863D3DB86296}.Release|Any CPU.Build.0 = Release|Any CPU
	EndGlobalSection
	GlobalSection(SolutionProperties) = preSolution
		HideSolutionNode = FALSE
	EndGlobalSection
	GlobalSection(ExtensibilityGlobals) = postSolution
		SolutionGuid = {320919CB-CDED-4A85-BAFE-364EBD8099D2}
	EndGlobalSection
EndGlobal
